{
  "name": "work-memory-compiler",
  "version": "0.2.0",
  "lockfileVersion": 3,
  "requires": true,
  "packages": {
    "": {
      "name": "work-memory-compiler",
      "version": "0.2.0",
      "license": "AGPL-3.0-only",
      "bin": {
        "wmc": "bin/work-memory-compiler.js",
        "work-memory-compiler": "bin/work-memory-compiler.js"
      },
      "engines": {
        "node": ">=22"
      }
    }
  }
}
